github.com/tobiashort/ansi-go v0.0.0-20250816044101-514d44e7de80 h1:6O17Z9hZ7g5r2mMigBB+0aobRJMgmTW6ZAFGCMq1YYI=
github.com/tobiashort/ansi-go v0.0.0-20250816044101-514d44e7de80/go.mod h1:yPoTE564mrx3g7842t9vvduaGlzo38iKRjIqtGANbyU=
github.com/tobiashort/ansi-go v0.0.0-20250830021733-b15679ec4301 h1:gpBmdjkFXHmn4TpgErPpWjv1qY/21J3ohkcx704/X50=
github.com/tobiashort/ansi-go v0.0.0-20250830021733-b15679ec4301/go.mod h1:yPoTE564mrx3g7842t9vvduaGlzo38iKRjIqtGANbyU=
github.com/tobiashort/cfmt-go v0.0.0-20250816044318-5ab05204143b h1:YCDY8IL6LST360MqNxbgVJh08s7rJziHbUP1zkPA1tk=
github.com/tobiashort/cfmt-go v0.0.0-20250816044318-5ab05204143b/go.mod h1:cCrrgWw5vNVXK8lR7nEeGzQa2FQMR3EltD/Xm/FE2Y8=
github.com/tobiashort/choose-go v0.0.0-20250828054537-2f21e5fb067f h1:CPntJ2MGo+I2PtAcWfuBQvLGtJ/6Voeav8y1hmLQkLM=
github.com/tobiashort/choose-go v0.0.0-20250828054537-2f21e5fb067f/go.mod h1:oCrX9Qlg2KaVzaY8NbtjYKxKM+Z/mT1jcWZhZ9Zsqf8=
github.com/tobiashort/choose-go v0.0.0-20250830032516-2db6c5173be8 h1:07C3qstNvdlE4y6rVhdfek1227qAbc50HVQrY6xh080=
github.com/tobiashort/choose-go v0.0.0-20250830032516-2db6c5173be8/go.mod h1:aqYxpfJB4buKNBPLLvrYRKke388MiSavlreie9t9bOI=
github.com/tobiashort/clap-go v0.0.0-20250825105453-cb1aa788e679 h1:yo0XU2yxrCRKWf95paWa0P3wP+usQuWkzo0x+SrxDsw=
github.com/tobiashort/clap-go v0.0.0-20250825105453-cb1aa788e679/go.mod h1:fXe6AMsDK0lviUTf5sJKXxfH/m5+KGbcK1jbNwy9Bd8=
github.com/tobiashort/cosine-similarity-go v0.0.0-20250729190741-e9947fca52fd h1:lqt2Eqx8kWzGbvX4brp60vqpRP/bIpf2MDXtzLQIuXg=
github.com/tobiashort/cosine-similarity-go v0.0.0-20250729190741-e9947fca52fd/go.mod h1:uECLcL8VDEAlclY+lWYCHpdZmu8ckRbW7om78w18u7o=
github.com/tobiashort/isatty-go v0.0.0-20250729193227-00bbda39413c h1:bHu0yDhCDLYWwUvEf+5KUOzb2VNX8F5E046AWbHkHeY=
github.com/tobiashort/isatty-go v0.0.0-20250729193227-00bbda39413c/go.mod h1:SR1HPbCAU42WyNiMZUkT4uaFR0BhWEUI++hmevlg46Y=
github.com/tobiashort/orderedmap-go v0.0.0-20250808211554-a621a4f4674c h1:59UJ5j5oU2Bh4zujC1i/uFlNlzfUgGCbWcPSYsLbFYc=
github.com/tobiashort/orderedmap-go v0.0.0-20250808211554-a621a4f4674c/go.mod h1:2UXuS6N03zbjxIxA+NaUvoFGF7H5fsrfYShgYIYJC/o=
github.com/tobiashort/utils-go v0.0.0-20250814112205-1cad8d3011ac h1:PiMrX3Ze/7BK90ZYI2SzMte81rVOxgyf9r2HzfxwIHE=
github.com/tobiashort/utils-go v0.0.0-20250814112205-1cad8d3011ac/go.mod h1:3wsCtfMiXqp06v1rGwOpa8djcN7gBE1aVW7AobOjJBE=
golang.org/x/sys v0.35.0 h1:vz1N37gP5bs89s7He8XuIYXpyY0+QlsKmzipCbUtyxI=
golang.org/x/sys v0.35.0/go.mod h1:BJP2sWEmIv4KK5OTEluFJCKSidICx8ciO85XgH3Ak8k=
golang.org/x/term v0.34.0 h1:O/2T7POpk0ZZ7MAzMeWFSg6S5IpWd/RXDlM9hgM3DR4=
golang.org/x/term v0.34.0/go.mod h1:5jC53AEywhIVebHgPVeg0mj8OD3VO9OzclacVrqpaAw=
