github.com/tobiashort/cosine-similarity-go v0.0.0-20250729190741-e9947fca52fd h1:lqt2Eqx8kWzGbvX4brp60vqpRP/bIpf2MDXtzLQIuXg=
github.com/tobiashort/cosine-similarity-go v0.0.0-20250729190741-e9947fca52fd/go.mod h1:uECLcL8VDEAlclY+lWYCHpdZmu8ckRbW7om78w18u7o=
github.com/tobiashort/orderedmap-go v0.0.0-20250729190624-ec8e8c7a251e h1:+wLWwLoGXo8JB4UO+EYvD5MsuXBLpn4i/T+UKrnXg3w=
github.com/tobiashort/orderedmap-go v0.0.0-20250729190624-ec8e8c7a251e/go.mod h1:m2nzlh5XDU90UIVgY0mgGWFwObspBf7GeVF6DRUU0fY=
